
Microsoft Visual Studio Solution File, Format Version 12.00
# Visual Studio Version 17
VisualStudioVersion = 17.0.31903.59
MinimumVisualStudioVersion = 10.0.40219.1
Project("{2150E333-8FDC-42A3-9474-1A3956D46DE8}") = "src", "src", "{827E0CD3-B72D-47B6-A68D-7590B98EB39B}"
EndProject
Project("{FAE04EC0-301F-11D3-BF4B-00C04F79EFBC}") = "Mcpd.Domain", "src\Mcpd.Domain\Mcpd.Domain.csproj", "{49756B74-29A0-4B63-AD39-64A664050421}"
EndProject
Project("{FAE04EC0-301F-11D3-BF4B-00C04F79EFBC}") = "Mcpd.Application", "src\Mcpd.Application\Mcpd.Application.csproj", "{B68FCDFE-FDFD-4F9E-BBAE-05C9489034A0}"
EndProject
Project("{FAE04EC0-301F-11D3-BF4B-00C04F79EFBC}") = "Mcpd.Infrastructure", "src\Mcpd.Infrastructure\Mcpd.Infrastructure.csproj", "{9EE77624-B41E-4D3F-A247-3312E3187601}"
EndProject
Project("{FAE04EC0-301F-11D3-BF4B-00C04F79EFBC}") = "Mcpd.Api", "src\Mcpd.Api\Mcpd.Api.csproj", "{D0234B3C-28D1-4D34-9A76-F0611797F21A}"
EndProject
Project("{2150E333-8FDC-42A3-9474-1A3956D46DE8}") = "tests", "tests", "{0AB3BF05-4346-4AA6-1389-037BE0695223}"
EndProject
Project("{FAE04EC0-301F-11D3-BF4B-00C04F79EFBC}") = "Mcpd.Domain.Tests", "tests\Mcpd.Domain.Tests\Mcpd.Domain.Tests.csproj", "{662C01F0-A30D-43C8-83CB-B0A9B3A3D3EF}"
EndProject
Project("{FAE04EC0-301F-11D3-BF4B-00C04F79EFBC}") = "Mcpd.Application.Tests", "tests\Mcpd.Application.Tests\Mcpd.Application.Tests.csproj", "{CCD96A6F-3161-4DA5-A65D-3737F6E97F4B}"
EndProject
Project("{FAE04EC0-301F-11D3-BF4B-00C04F79EFBC}") = "Mcpd.Infrastructure.Tests", "tests\Mcpd.Infrastructure.Tests\Mcpd.Infrastructure.Tests.csproj", "{2AB7FCA1-7EB6-41BD-96E4-E09E62FA6317}"
EndProject
Project("{FAE04EC0-301F-11D3-BF4B-00C04F79EFBC}") = "Mcpd.Api.Tests", "tests\Mcpd.Api.Tests\Mcpd.Api.Tests.csproj", "{6424831D-AEF1-409B-98DC-7C6A57E4FDD5}"
EndProject
Global
	GlobalSection(SolutionConfigurationPlatforms) = preSolution
		Debug|Any CPU = Debug|Any CPU
		Debug|x64 = Debug|x64
		Debug|x86 = Debug|x86
		Release|Any CPU = Release|Any CPU
		Release|x64 = Release|x64
		Release|x86 = Release|x86
	EndGlobalSection
	GlobalSection(ProjectConfigurationPlatforms) = postSolution
		{49756B74-29A0-4B63-AD39-64A664050421}.Debug|Any CPU.ActiveCfg = Debug|Any CPU
		{49756B74-29A0-4B63-AD39-64A664050421}.Debug|Any CPU.Build.0 = Debug|Any CPU
		{49756B74-29A0-4B63-AD39-64A664050421}.Debug|x64.ActiveCfg = Debug|Any CPU
		{49756B74-29A0-4B63-AD39-64A664050421}.Debug|x64.Build.0 = Debug|Any CPU
		{49756B74-29A0-4B63-AD39-64A664050421}.Debug|x86.ActiveCfg = Debug|Any CPU
		{49756B74-29A0-4B63-AD39-64A664050421}.Debug|x86.Build.0 = Debug|Any CPU
		{49756B74-29A0-4B63-AD39-64A664050421}.Release|Any CPU.ActiveCfg = Release|Any CPU
		{49756B74-29A0-4B63-AD39-64A664050421}.Release|Any CPU.Build.0 = Release|Any CPU
		{49756B74-29A0-4B63-AD39-64A664050421}.Release|x64.ActiveCfg = Release|Any CPU
		{49756B74-29A0-4B63-AD39-64A664050421}.Release|x64.Build.0 = Release|Any CPU
		{49756B74-29A0-4B63-AD39-64A664050421}.Release|x86.ActiveCfg = Release|Any CPU
		{49756B74-29A0-4B63-AD39-64A664050421}.Release|x86.Build.0 = Release|Any CPU
		{B68FCDFE-FDFD-4F9E-BBAE-05C9489034A0}.Debug|Any CPU.ActiveCfg = Debug|Any CPU
		{B68FCDFE-FDFD-4F9E-BBAE-05C9489034A0}.Debug|Any CPU.Build.0 = Debug|Any CPU
		{B68FCDFE-FDFD-4F9E-BBAE-05C9489034A0}.Debug|x64.ActiveCfg = Debug|Any CPU
		{B68FCDFE-FDFD-4F9E-BBAE-05C9489034A0}.Debug|x64.Build.0 = Debug|Any CPU
		{B68FCDFE-FDFD-4F9E-BBAE-05C9489034A0}.Debug|x86.ActiveCfg = Debug|Any CPU
		{B68FCDFE-FDFD-4F9E-BBAE-05C9489034A0}.Debug|x86.Build.0 = Debug|Any CPU
		{B68FCDFE-FDFD-4F9E-BBAE-05C9489034A0}.Release|Any CPU.ActiveCfg = Release|Any CPU
		{B68FCDFE-FDFD-4F9E-BBAE-05C9489034A0}.Release|Any CPU.Build.0 = Release|Any CPU
		{B68FCDFE-FDFD-4F9E-BBAE-05C9489034A0}.Release|x64.ActiveCfg = Release|Any CPU
		{B68FCDFE-FDFD-4F9E-BBAE-05C9489034A0}.Release|x64.Build.0 = Release|Any CPU
		{B68FCDFE-FDFD-4F9E-BBAE-05C9489034A0}.Release|x86.ActiveCfg = Release|Any CPU
		{B68FCDFE-FDFD-4F9E-BBAE-05C9489034A0}.Release|x86.Build.0 = Release|Any CPU
		{9EE77624-B41E-4D3F-A247-3312E3187601}.Debug|Any CPU.ActiveCfg = Debug|Any CPU
		{9EE77624-B41E-4D3F-A247-3312E3187601}.Debug|Any CPU.Build.0 = Debug|Any CPU
		{9EE77624-B41E-4D3F-A247-3312E3187601}.Debug|x64.ActiveCfg = Debug|Any CPU
		{9EE77624-B41E-4D3F-A247-3312E3187601}.Debug|x64.Build.0 = Debug|Any CPU
		{9EE77624-B41E-4D3F-A247-3312E3187601}.Debug|x86.ActiveCfg = Debug|Any CPU
		{9EE77624-B41E-4D3F-A247-3312E3187601}.Debug|x86.Build.0 = Debug|Any CPU
		{9EE77624-B41E-4D3F-A247-3312E3187601}.Release|Any CPU.ActiveCfg = Release|Any CPU
		{9EE77624-B41E-4D3F-A247-3312E3187601}.Release|Any CPU.Build.0 = Release|Any CPU
		{9EE77624-B41E-4D3F-A247-3312E3187601}.Release|x64.ActiveCfg = Release|Any CPU
		{9EE77624-B41E-4D3F-A247-3312E3187601}.Release|x64.Build.0 = Release|Any CPU
		{9EE77624-B41E-4D3F-A247-3312E3187601}.Release|x86.ActiveCfg = Release|Any CPU
		{9EE77624-B41E-4D3F-A247-3312E3187601}.Release|x86.Build.0 = Release|Any CPU
		{D0234B3C-28D1-4D34-9A76-F0611797F21A}.Debug|Any CPU.ActiveCfg = Debug|Any CPU
		{D0234B3C-28D1-4D34-9A76-F0611797F21A}.Debug|Any CPU.Build.0 = Debug|Any CPU
		{D0234B3C-28D1-4D34-9A76-F0611797F21A}.Debug|x64.ActiveCfg = Debug|Any CPU
		{D0234B3C-28D1-4D34-9A76-F0611797F21A}.Debug|x64.Build.0 = Debug|Any CPU
		{D0234B3C-28D1-4D34-9A76-F0611797F21A}.Debug|x86.ActiveCfg = Debug|Any CPU
		{D0234B3C-28D1-4D34-9A76-F0611797F21A}.Debug|x86.Build.0 = Debug|Any CPU
		{D0234B3C-28D1-4D34-9A76-F0611797F21A}.Release|Any CPU.ActiveCfg = Release|Any CPU
		{D0234B3C-28D1-4D34-9A76-F0611797F21A}.Release|Any CPU.Build.0 = Release|Any CPU
		{D0234B3C-28D1-4D34-9A76-F0611797F21A}.Release|x64.ActiveCfg = Release|Any CPU
		{D0234B3C-28D1-4D34-9A76-F0611797F21A}.Release|x64.Build.0 = Release|Any CPU
		{D0234B3C-28D1-4D34-9A76-F0611797F21A}.Release|x86.ActiveCfg = Release|Any CPU
		{D0234B3C-28D1-4D34-9A76-F0611797F21A}.Release|x86.Build.0 = Release|Any CPU
		{662C01F0-A30D-43C8-83CB-B0A9B3A3D3EF}.Debug|Any CPU.ActiveCfg = Debug|Any CPU
		{662C01F0-A30D-43C8-83CB-B0A9B3A3D3EF}.Debug|Any CPU.Build.0 = Debug|Any CPU
		{662C01F0-A30D-43C8-83CB-B0A9B3A3D3EF}.Debug|x64.ActiveCfg = Debug|Any CPU
		{662C01F0-A30D-43C8-83CB-B0A9B3A3D3EF}.Debug|x64.Build.0 = Debug|Any CPU
		{662C01F0-A30D-43C8-83CB-B0A9B3A3D3EF}.Debug|x86.ActiveCfg = Debug|Any CPU
		{662C01F0-A30D-43C8-83CB-B0A9B3A3D3EF}.Debug|x86.Build.0 = Debug|Any CPU
		{662C01F0-A30D-43C8-83CB-B0A9B3A3D3EF}.Release|Any CPU.ActiveCfg = Release|Any CPU
		{662C01F0-A30D-43C8-83CB-B0A9B3A3D3EF}.Release|Any CPU.Build.0 = Release|Any CPU
		{662C01F0-A30D-43C8-83CB-B0A9B3A3D3EF}.Release|x64.ActiveCfg = Release|Any CPU
		{662C01F0-A30D-43C8-83CB-B0A9B3A3D3EF}.Release|x64.Build.0 = Release|Any CPU
		{662C01F0-A30D-43C8-83CB-B0A9B3A3D3EF}.Release|x86.ActiveCfg = Release|Any CPU
		{662C01F0-A30D-43C8-83CB-B0A9B3A3D3EF}.Release|x86.Build.0 = Release|Any CPU
		{CCD96A6F-3161-4DA5-A65D-3737F6E97F4B}.Debug|Any CPU.ActiveCfg = Debug|Any CPU
		{CCD96A6F-3161-4DA5-A65D-3737F6E97F4B}.Debug|Any CPU.Build.0 = Debug|Any CPU
		{CCD96A6F-3161-4DA5-A65D-3737F6E97F4B}.Debug|x64.ActiveCfg = Debug|Any CPU
		{CCD96A6F-3161-4DA5-A65D-3737F6E97F4B}.Debug|x64.Build.0 = Debug|Any CPU
		{CCD96A6F-3161-4DA5-A65D-3737F6E97F4B}.Debug|x86.ActiveCfg = Debug|Any CPU
		{CCD96A6F-3161-4DA5-A65D-3737F6E97F4B}.Debug|x86.Build.0 = Debug|Any CPU
		{CCD96A6F-3161-4DA5-A65D-3737F6E97F4B}.Release|Any CPU.ActiveCfg = Release|Any CPU
		{CCD96A6F-3161-4DA5-A65D-3737F6E97F4B}.Release|Any CPU.Build.0 = Release|Any CPU
		{CCD96A6F-3161-4DA5-A65D-3737F6E97F4B}.Release|x64.ActiveCfg = Release|Any CPU
		{CCD96A6F-3161-4DA5-A65D-3737F6E97F4B}.Release|x64.Build.0 = Release|Any CPU
		{CCD96A6F-3161-4DA5-A65D-3737F6E97F4B}.Release|x86.ActiveCfg = Release|Any CPU
		{CCD96A6F-3161-4DA5-A65D-3737F6E97F4B}.Release|x86.Build.0 = Release|Any CPU
		{2AB7FCA1-7EB6-41BD-96E4-E09E62FA6317}.Debug|Any CPU.ActiveCfg = Debug|Any CPU
		{2AB7FCA1-7EB6-41BD-96E4-E09E62FA6317}.Debug|Any CPU.Build.0 = Debug|Any CPU
		{2AB7FCA1-7EB6-41BD-96E4-E09E62FA6317}.Debug|x64.ActiveCfg = Debug|Any CPU
		{2AB7FCA1-7EB6-41BD-96E4-E09E62FA6317}.Debug|x64.Build.0 = Debug|Any CPU
		{2AB7FCA1-7EB6-41BD-96E4-E09E62FA6317}.Debug|x86.ActiveCfg = Debug|Any CPU
		{2AB7FCA1-7EB6-41BD-96E4-E09E62FA6317}.Debug|x86.Build.0 = Debug|Any CPU
		{2AB7FCA1-7EB6-41BD-96E4-E09E62FA6317}.Release|Any CPU.ActiveCfg = Release|Any CPU
		{2AB7FCA1-7EB6-41BD-96E4-E09E62FA6317}.Release|Any CPU.Build.0 = Release|Any CPU
		{2AB7FCA1-7EB6-41BD-96E4-E09E62FA6317}.Release|x64.ActiveCfg = Release|Any CPU
		{2AB7FCA1-7EB6-41BD-96E4-E09E62FA6317}.Release|x64.Build.0 = Release|Any CPU
		{2AB7FCA1-7EB6-41BD-96E4-E09E62FA6317}.Release|x86.ActiveCfg = Release|Any CPU
		{2AB7FCA1-7EB6-41BD-96E4-E09E62FA6317}.Release|x86.Build.0 = Release|Any CPU
		{6424831D-AEF1-409B-98DC-7C6A57E4FDD5}.Debug|Any CPU.ActiveCfg = Debug|Any CPU
		{6424831D-AEF1-409B-98DC-7C6A57E4FDD5}.Debug|Any CPU.Build.0 = Debug|Any CPU
		{6424831D-AEF1-409B-98DC-7C6A57E4FDD5}.Debug|x64.ActiveCfg = Debug|Any CPU
		{6424831D-AEF1-409B-98DC-7C6A57E4FDD5}.Debug|x64.Build.0 = Debug|Any CPU
		{6424831D-AEF1-409B-98DC-7C6A57E4FDD5}.Debug|x86.ActiveCfg = Debug|Any CPU
		{6424831D-AEF1-409B-98DC-7C6A57E4FDD5}.Debug|x86.Build.0 = Debug|Any CPU
		{6424831D-AEF1-409B-98DC-7C6A57E4FDD5}.Release|Any CPU.ActiveCfg = Release|Any CPU
		{6424831D-AEF1-409B-98DC-7C6A57E4FDD5}.Release|Any CPU.Build.0 = Release|Any CPU
		{6424831D-AEF1-409B-98DC-7C6A57E4FDD5}.Release|x64.ActiveCfg = Release|Any CPU
		{6424831D-AEF1-409B-98DC-7C6A57E4FDD5}.Release|x64.Build.0 = Release|Any CPU
		{6424831D-AEF1-409B-98DC-7C6A57E4FDD5}.Release|x86.ActiveCfg = Release|Any CPU
		{6424831D-AEF1-409B-98DC-7C6A57E4FDD5}.Release|x86.Build.0 = Release|Any CPU
	EndGlobalSection
	GlobalSection(SolutionProperties) = preSolution
		HideSolutionNode = FALSE
	EndGlobalSection
	GlobalSection(NestedProjects) = preSolution
		{49756B74-29A0-4B63-AD39-64A664050421} = {827E0CD3-B72D-47B6-A68D-7590B98EB39B}
		{B68FCDFE-FDFD-4F9E-BBAE-05C9489034A0} = {827E0CD3-B72D-47B6-A68D-7590B98EB39B}
		{9EE77624-B41E-4D3F-A247-3312E3187601} = {827E0CD3-B72D-47B6-A68D-7590B98EB39B}
		{D0234B3C-28D1-4D34-9A76-F0611797F21A} = {827E0CD3-B72D-47B6-A68D-7590B98EB39B}
		{662C01F0-A30D-43C8-83CB-B0A9B3A3D3EF} = {0AB3BF05-4346-4AA6-1389-037BE0695223}
		{CCD96A6F-3161-4DA5-A65D-3737F6E97F4B} = {0AB3BF05-4346-4AA6-1389-037BE0695223}
		{2AB7FCA1-7EB6-41BD-96E4-E09E62FA6317} = {0AB3BF05-4346-4AA6-1389-037BE0695223}
		{6424831D-AEF1-409B-98DC-7C6A57E4FDD5} = {0AB3BF05-4346-4AA6-1389-037BE0695223}
	EndGlobalSection
EndGlobal
